
Microsoft Visual Studio Solution File, Format Version 12.00
# Visual Studio 15
VisualStudioVersion = 15.0.28307.645
MinimumVisualStudioVersion = 10.0.40219.1
Project("{8BC9CEB8-8B4A-11D0-8D11-00A0C91BC942}") = "easydev", "easydev\easydev.vcxproj", "{B19C2A3A-EE1F-421C-B95A-B89A6F7463F8}"
EndProject
Project("{8BC9CEB8-8B4A-11D0-8D11-00A0C91BC942}") = "test_solution", "test_solution\test_solution.vcxproj", "{EDFF6577-A955-4E31-A5E4-2F8DFFD511D4}"
	ProjectSection(ProjectDependencies) = postProject
		{B19C2A3A-EE1F-421C-B95A-B89A6F7463F8} = {B19C2A3A-EE1F-421C-B95A-B89A6F7463F8}
	EndProjectSection
EndProject
Global
	GlobalSection(SolutionConfigurationPlatforms) = preSolution
		Debug|x64 = Debug|x64
		Debug|x86 = Debug|x86
		Release|x64 = Release|x64
		Release|x86 = Release|x86
	EndGlobalSection
	GlobalSection(ProjectConfigurationPlatforms) = postSolution
		{B19C2A3A-EE1F-421C-B95A-B89A6F7463F8}.Debug|x64.ActiveCfg = Debug|x64
		{B19C2A3A-EE1F-421C-B95A-B89A6F7463F8}.Debug|x64.Build.0 = Debug|x64
		{B19C2A3A-EE1F-421C-B95A-B89A6F7463F8}.Debug|x86.ActiveCfg = Debug|Win32
		{B19C2A3A-EE1F-421C-B95A-B89A6F7463F8}.Debug|x86.Build.0 = Debug|Win32
		{B19C2A3A-EE1F-421C-B95A-B89A6F7463F8}.Release|x64.ActiveCfg = Release|x64
		{B19C2A3A-EE1F-421C-B95A-B89A6F7463F8}.Release|x64.Build.0 = Release|x64
		{B19C2A3A-EE1F-421C-B95A-B89A6F7463F8}.Release|x86.ActiveCfg = Release|Win32
		{B19C2A3A-EE1F-421C-B95A-B89A6F7463F8}.Release|x86.Build.0 = Release|Win32
		{EDFF6577-A955-4E31-A5E4-2F8DFFD511D4}.Debug|x64.ActiveCfg = Debug|x64
		{EDFF6577-A955-4E31-A5E4-2F8DFFD511D4}.Debug|x64.Build.0 = Debug|x64
		{EDFF6577-A955-4E31-A5E4-2F8DFFD511D4}.Debug|x86.ActiveCfg = Debug|Win32
		{EDFF6577-A955-4E31-A5E4-2F8DFFD511D4}.Debug|x86.Build.0 = Debug|Win32
		{EDFF6577-A955-4E31-A5E4-2F8DFFD511D4}.Release|x64.ActiveCfg = Release|x64
		{EDFF6577-A955-4E31-A5E4-2F8DFFD511D4}.Release|x64.Build.0 = Release|x64
		{EDFF6577-A955-4E31-A5E4-2F8DFFD511D4}.Release|x86.ActiveCfg = Release|Win32
		{EDFF6577-A955-4E31-A5E4-2F8DFFD511D4}.Release|x86.Build.0 = Release|Win32
	EndGlobalSection
	GlobalSection(SolutionProperties) = preSolution
		HideSolutionNode = FALSE
	EndGlobalSection
	GlobalSection(ExtensibilityGlobals) = postSolution
		SolutionGuid = {62EE61EA-758D-4F92-9928-8AB843E6A412}
	EndGlobalSection
EndGlobal
